{
	"name": "svg-server",
	"version": "1.0.0",
	"lockfileVersion": 1,
	"requires": true,
	"dependencies": {
		"vscode-jsonrpc": {
			"version": "4.0.0",
			"resolved": "https://registry.npm.taobao.org/vscode-jsonrpc/download/vscode-jsonrpc-4.0.0.tgz?cache=0&sync_timestamp=1566286924380&other_urls=https%3A%2F%2Fregistry.npm.taobao.org%2Fvscode-jsonrpc%2Fdownload%2Fvscode-jsonrpc-4.0.0.tgz",
			"integrity": "sha1-p7907zJU0KDCcvqxXIISjjeLO+k="
		},
		"vscode-languageserver": {
			"version": "5.2.1",
			"resolved": "https://registry.npm.taobao.org/vscode-languageserver/download/vscode-languageserver-5.2.1.tgz",
			"integrity": "sha1-DS/t3TP5Kq312jJFDfSY1S9vFOs=",
			"requires": {
				"vscode-languageserver-protocol": "3.14.1",
				"vscode-uri": "^1.0.6"
			}
		},
		"vscode-languageserver-protocol": {
			"version": "3.14.1",
			"resolved": "https://registry.npm.taobao.org/vscode-languageserver-protocol/download/vscode-languageserver-protocol-3.14.1.tgz",
			"integrity": "sha1-uKq2r64oSchKiYPTmhz3QkF6/i8=",
			"requires": {
				"vscode-jsonrpc": "^4.0.0",
				"vscode-languageserver-types": "3.14.0"
			}
		},
		"vscode-languageserver-types": {
			"version": "3.14.0",
			"resolved": "https://registry.npm.taobao.org/vscode-languageserver-types/download/vscode-languageserver-types-3.14.0.tgz",
			"integrity": "sha1-07WVIkbTDlJBWStt3oKA4DlC50M="
		},
		"vscode-uri": {
			"version": "1.0.8",
			"resolved": "https://registry.npm.taobao.org/vscode-uri/download/vscode-uri-1.0.8.tgz?cache=0&other_urls=https%3A%2F%2Fregistry.npm.taobao.org%2Fvscode-uri%2Fdownload%2Fvscode-uri-1.0.8.tgz",
			"integrity": "sha1-l2mq7OyuQCb7biI1nLOJRlgN7Vk="
		}
	}
}
