{
	"name": "svg-server",
	"version": "1.0.0",
	"lockfileVersion": 1,
	"requires": true,
	"dependencies": {
		"vscode-css-languageservice": {
			"version": "4.2.0",
			"resolved": "https://registry.npm.taobao.org/vscode-css-languageservice/download/vscode-css-languageservice-4.2.0.tgz",
			"integrity": "sha1-VggTdIV86KpN1MmPl+ThCjC3JC8=",
			"requires": {
				"vscode-languageserver-textdocument": "^1.0.1",
				"vscode-languageserver-types": "^3.15.1",
				"vscode-nls": "^4.1.2",
				"vscode-uri": "^2.1.1"
			},
			"dependencies": {
				"vscode-languageserver-types": {
					"version": "3.15.1",
					"resolved": "https://registry.npm.taobao.org/vscode-languageserver-types/download/vscode-languageserver-types-3.15.1.tgz",
					"integrity": "sha1-F75x140vYjbUFPAAHOHvTSPmtt4="
				},
				"vscode-uri": {
					"version": "2.1.1",
					"resolved": "https://registry.npm.taobao.org/vscode-uri/download/vscode-uri-2.1.1.tgz",
					"integrity": "sha1-WqGAM5G2690X0Ef1E2XPYsOPbpA="
				}
			}
		},
		"vscode-jsonrpc": {
			"version": "4.0.0",
			"resolved": "https://registry.npm.taobao.org/vscode-jsonrpc/download/vscode-jsonrpc-4.0.0.tgz?cache=0&sync_timestamp=1566286924380&other_urls=https%3A%2F%2Fregistry.npm.taobao.org%2Fvscode-jsonrpc%2Fdownload%2Fvscode-jsonrpc-4.0.0.tgz",
			"integrity": "sha1-p7907zJU0KDCcvqxXIISjjeLO+k="
		},
		"vscode-languageserver": {
			"version": "5.2.1",
			"resolved": "https://registry.npm.taobao.org/vscode-languageserver/download/vscode-languageserver-5.2.1.tgz",
			"integrity": "sha1-DS/t3TP5Kq312jJFDfSY1S9vFOs=",
			"requires": {
				"vscode-languageserver-protocol": "3.14.1",
				"vscode-uri": "^1.0.6"
			}
		},
		"vscode-languageserver-protocol": {
			"version": "3.14.1",
			"resolved": "https://registry.npm.taobao.org/vscode-languageserver-protocol/download/vscode-languageserver-protocol-3.14.1.tgz",
			"integrity": "sha1-uKq2r64oSchKiYPTmhz3QkF6/i8=",
			"requires": {
				"vscode-jsonrpc": "^4.0.0",
				"vscode-languageserver-types": "3.14.0"
			}
		},
		"vscode-languageserver-textdocument": {
			"version": "1.0.1",
			"resolved": "https://registry.npm.taobao.org/vscode-languageserver-textdocument/download/vscode-languageserver-textdocument-1.0.1.tgz",
			"integrity": "sha1-F4Fo6H761hcbNyrdHeo09T5dMw8="
		},
		"vscode-languageserver-types": {
			"version": "3.14.0",
			"resolved": "https://registry.npm.taobao.org/vscode-languageserver-types/download/vscode-languageserver-types-3.14.0.tgz",
			"integrity": "sha1-07WVIkbTDlJBWStt3oKA4DlC50M="
		},
		"vscode-nls": {
			"version": "4.1.2",
			"resolved": "https://registry.npm.taobao.org/vscode-nls/download/vscode-nls-4.1.2.tgz?cache=0&sync_timestamp=1584465914180&other_urls=https%3A%2F%2Fregistry.npm.taobao.org%2Fvscode-nls%2Fdownload%2Fvscode-nls-4.1.2.tgz",
			"integrity": "sha1-yov4u4KgmHsygB+f3f3S+5/TwWc="
		},
		"vscode-uri": {
			"version": "1.0.8",
			"resolved": "https://registry.npm.taobao.org/vscode-uri/download/vscode-uri-1.0.8.tgz?cache=0&other_urls=https%3A%2F%2Fregistry.npm.taobao.org%2Fvscode-uri%2Fdownload%2Fvscode-uri-1.0.8.tgz",
			"integrity": "sha1-l2mq7OyuQCb7biI1nLOJRlgN7Vk="
		}
	}
}
